
Microsoft Visual Studio Solution File, Format Version 12.00
# Visual Studio Version 17
VisualStudioVersion = 17.6.33801.468
MinimumVisualStudioVersion = 10.0.40219.1
Project("{FAE04EC0-301F-11D3-BF4B-00C04F79EFBC}") = "Project5", "Project5\Project5.csproj", "{D51C471B-0B58-42C7-A486-5F7B1F4F60FD}"
EndProject
Global
	GlobalSection(SolutionConfigurationPlatforms) = preSolution
		Debug|Any CPU = Debug|Any CPU
		Release|Any CPU = Release|Any CPU
	EndGlobalSection
	GlobalSection(ProjectConfigurationPlatforms) = postSolution
		{D51C471B-0B58-42C7-A486-5F7B1F4F60FD}.Debug|Any CPU.ActiveCfg = Debug|Any CPU
		{D51C471B-0B58-42C7-A486-5F7B1F4F60FD}.Debug|Any CPU.Build.0 = Debug|Any CPU
		{D51C471B-0B58-42C7-A486-5F7B1F4F60FD}.Release|Any CPU.ActiveCfg = Release|Any CPU
		{D51C471B-0B58-42C7-A486-5F7B1F4F60FD}.Release|Any CPU.Build.0 = Release|Any CPU
	EndGlobalSection
	GlobalSection(SolutionProperties) = preSolution
		HideSolutionNode = FALSE
	EndGlobalSection
	GlobalSection(ExtensibilityGlobals) = postSolution
		SolutionGuid = {0903F209-EA17-42B1-A476-DC0A8C5A137D}
	EndGlobalSection
EndGlobal
